
Microsoft Visual Studio Solution File, Format Version 12.00
# Visual Studio Version 16
VisualStudioVersion = 16.0.30204.135
MinimumVisualStudioVersion = 10.0.40219.1
Project("{FAE04EC0-301F-11D3-BF4B-00C04F79EFBC}") = "WOTVCalc", "WOTVCalc\WOTVCalc.csproj", "{C9B0F29F-20B6-44C6-9819-6A18011A8EE9}"
EndProject
Global
	GlobalSection(SolutionConfigurationPlatforms) = preSolution
		Debug|Any CPU = Debug|Any CPU
		Release|Any CPU = Release|Any CPU
	EndGlobalSection
	GlobalSection(ProjectConfigurationPlatforms) = postSolution
		{C9B0F29F-20B6-44C6-9819-6A18011A8EE9}.Debug|Any CPU.ActiveCfg = Debug|Any CPU
		{C9B0F29F-20B6-44C6-9819-6A18011A8EE9}.Debug|Any CPU.Build.0 = Debug|Any CPU
		{C9B0F29F-20B6-44C6-9819-6A18011A8EE9}.Release|Any CPU.ActiveCfg = Release|Any CPU
		{C9B0F29F-20B6-44C6-9819-6A18011A8EE9}.Release|Any CPU.Build.0 = Release|Any CPU
	EndGlobalSection
	GlobalSection(SolutionProperties) = preSolution
		HideSolutionNode = FALSE
	EndGlobalSection
	GlobalSection(ExtensibilityGlobals) = postSolution
		SolutionGuid = {7B5D0A48-02F3-4A3B-9405-936E32EEE2E5}
	EndGlobalSection
EndGlobal
